PODS:
  - Alamofire (5.1.0)
  - WLM3U (0.1.5):
    - Alamofire

DEPENDENCIES:
  - WLM3U (from `../`)

SPEC REPOS:
  trunk:
    - Alamofire

EXTERNAL SOURCES:
  WLM3U:
    :path: "../"

SPEC CHECKSUMS:
  Alamofire: 9d5c5f602928e512395b30950c5984eca840093c
  WLM3U: eb0658d87de88e2f89454cfc218ac09bc2f908cf

PODFILE CHECKSUM: 5ca7205dd70ca1d085c17830ab66e7a20579aa62

COCOAPODS: 1.9.1
