PODS:
  - Alamofire (4.9.1)
  - WLM3U (0.1.3):
    - Alamofire

DEPENDENCIES:
  - WLM3U (from `../`)

SPEC REPOS:
  trunk:
    - Alamofire

EXTERNAL SOURCES:
  WLM3U:
    :path: "../"

SPEC CHECKSUMS:
  Alamofire: 85e8a02c69d6020a0d734f6054870d7ecb75cf18
  WLM3U: f68ee292f8ff49628ae012aea0d5fe5520c380c1

PODFILE CHECKSUM: 88e39e410f53c0007ea572db626c7816a6bbf01c

COCOAPODS: 1.9.1
